
Microsoft Visual Studio Solution File, Format Version 12.00
# Visual Studio Version 17
VisualStudioVersion = 17.5.33414.496
MinimumVisualStudioVersion = 10.0.40219.1
Project("{FAE04EC0-301F-11D3-BF4B-00C04F79EFBC}") = "laba 5 geter", "laba 5 geter\laba 5 geter.csproj", "{1C514054-8637-48EC-96DF-733F833B849E}"
EndProject
Global
	GlobalSection(SolutionConfigurationPlatforms) = preSolution
		Debug|Any CPU = Debug|Any CPU
		Release|Any CPU = Release|Any CPU
	EndGlobalSection
	GlobalSection(ProjectConfigurationPlatforms) = postSolution
		{1C514054-8637-48EC-96DF-733F833B849E}.Debug|Any CPU.ActiveCfg = Debug|Any CPU
		{1C514054-8637-48EC-96DF-733F833B849E}.Debug|Any CPU.Build.0 = Debug|Any CPU
		{1C514054-8637-48EC-96DF-733F833B849E}.Release|Any CPU.ActiveCfg = Release|Any CPU
		{1C514054-8637-48EC-96DF-733F833B849E}.Release|Any CPU.Build.0 = Release|Any CPU
	EndGlobalSection
	GlobalSection(SolutionProperties) = preSolution
		HideSolutionNode = FALSE
	EndGlobalSection
	GlobalSection(ExtensibilityGlobals) = postSolution
		SolutionGuid = {E715B3CF-3263-40FD-94DA-18A0E3AA63D5}
	EndGlobalSection
EndGlobal
