
Microsoft Visual Studio Solution File, Format Version 12.00
# Visual Studio Version 17
VisualStudioVersion = 17.5.33414.496
MinimumVisualStudioVersion = 10.0.40219.1
Project("{FAE04EC0-301F-11D3-BF4B-00C04F79EFBC}") = "laba 4 geter", "laba 4 geter\laba 4 geter.csproj", "{EF5B4FA2-D7D0-4D75-9D69-5B8E8B759012}"
EndProject
Global
	GlobalSection(SolutionConfigurationPlatforms) = preSolution
		Debug|Any CPU = Debug|Any CPU
		Release|Any CPU = Release|Any CPU
	EndGlobalSection
	GlobalSection(ProjectConfigurationPlatforms) = postSolution
		{EF5B4FA2-D7D0-4D75-9D69-5B8E8B759012}.Debug|Any CPU.ActiveCfg = Debug|Any CPU
		{EF5B4FA2-D7D0-4D75-9D69-5B8E8B759012}.Debug|Any CPU.Build.0 = Debug|Any CPU
		{EF5B4FA2-D7D0-4D75-9D69-5B8E8B759012}.Release|Any CPU.ActiveCfg = Release|Any CPU
		{EF5B4FA2-D7D0-4D75-9D69-5B8E8B759012}.Release|Any CPU.Build.0 = Release|Any CPU
	EndGlobalSection
	GlobalSection(SolutionProperties) = preSolution
		HideSolutionNode = FALSE
	EndGlobalSection
	GlobalSection(ExtensibilityGlobals) = postSolution
		SolutionGuid = {ECDB6BF3-3EA8-4CC8-958B-98A000A2FADA}
	EndGlobalSection
EndGlobal
